
Microsoft Visual Studio Solution File, Format Version 12.00
# Visual Studio Version 16
VisualStudioVersion = 16.0.33027.164
MinimumVisualStudioVersion = 10.0.40219.1
Project("{FAE04EC0-301F-11D3-BF4B-00C04F79EFBC}") = "ProjetoDarkSouls", "ProjetoDarkSouls\ProjetoDarkSouls.csproj", "{471973D5-910A-42AE-900A-EF2BA7EF06D7}"
EndProject
Global
	GlobalSection(SolutionConfigurationPlatforms) = preSolution
		Debug|Any CPU = Debug|Any CPU
		Release|Any CPU = Release|Any CPU
	EndGlobalSection
	GlobalSection(ProjectConfigurationPlatforms) = postSolution
		{471973D5-910A-42AE-900A-EF2BA7EF06D7}.Debug|Any CPU.ActiveCfg = Debug|Any CPU
		{471973D5-910A-42AE-900A-EF2BA7EF06D7}.Debug|Any CPU.Build.0 = Debug|Any CPU
		{471973D5-910A-42AE-900A-EF2BA7EF06D7}.Release|Any CPU.ActiveCfg = Release|Any CPU
		{471973D5-910A-42AE-900A-EF2BA7EF06D7}.Release|Any CPU.Build.0 = Release|Any CPU
	EndGlobalSection
	GlobalSection(SolutionProperties) = preSolution
		HideSolutionNode = FALSE
	EndGlobalSection
	GlobalSection(ExtensibilityGlobals) = postSolution
		SolutionGuid = {2920734E-FDBE-470A-806B-A5232086B87B}
	EndGlobalSection
EndGlobal
